// !$*UTF8*$!
{
	archiveVersion = 1;
	classes = {
	};
	objectVersion = 46;
	objects = {

/* Begin PBXBuildFile section */
		201A27861C588CAD00C99134 /* FirstRunVC.swift in Sources */ = {isa = PBXBuildFile; fileRef = 201A27851C588CAD00C99134 /* FirstRunVC.swift */; };
		201A27881C59C89A00C99134 /* RemoteImage.swift in Sources */ = {isa = PBXBuildFile; fileRef = 201A27871C59C89A00C99134 /* RemoteImage.swift */; };
		202362161C55A7A5000A7928 /* DataService.swift in Sources */ = {isa = PBXBuildFile; fileRef = 202362151C55A7A5000A7928 /* DataService.swift */; };
		202362181C55D360000A7928 /* FeedVC.swift in Sources */ = {isa = PBXBuildFile; fileRef = 202362171C55D360000A7928 /* FeedVC.swift */; };
		2023621A1C55D445000A7928 /* PostCell.swift in Sources */ = {isa = PBXBuildFile; fileRef = 202362191C55D445000A7928 /* PostCell.swift */; };
		2023621C1C55F4E2000A7928 /* Post.swift in Sources */ = {isa = PBXBuildFile; fileRef = 2023621B1C55F4E2000A7928 /* Post.swift */; };
		20DF21281C55437F00C0B393 /* AppDelegate.swift in Sources */ = {isa = PBXBuildFile; fileRef = 20DF21271C55437F00C0B393 /* AppDelegate.swift */; };
		20DF212A1C55437F00C0B393 /* ViewController.swift in Sources */ = {isa = PBXBuildFile; fileRef = 20DF21291C55437F00C0B393 /* ViewController.swift */; };
		20DF212D1C55437F00C0B393 /* Main.storyboard in Resources */ = {isa = PBXBuildFile; fileRef = 20DF212B1C55437F00C0B393 /* Main.storyboard */; };
		20DF212F1C55437F00C0B393 /* Assets.xcassets in Resources */ = {isa = PBXBuildFile; fileRef = 20DF212E1C55437F00C0B393 /* Assets.xcassets */; };
		20DF21321C55437F00C0B393 /* LaunchScreen.storyboard in Resources */ = {isa = PBXBuildFile; fileRef = 20DF21301C55437F00C0B393 /* LaunchScreen.storyboard */; };
		20DF21411C5543C500C0B393 /* NotoSans-Bold.ttf in Resources */ = {isa = PBXBuildFile; fileRef = 20DF213D1C5543C500C0B393 /* NotoSans-Bold.ttf */; };
		20DF21421C5543C500C0B393 /* NotoSans-BoldItalic.ttf in Resources */ = {isa = PBXBuildFile; fileRef = 20DF213E1C5543C500C0B393 /* NotoSans-BoldItalic.ttf */; };
		20DF21431C5543C500C0B393 /* NotoSans-Italic.ttf in Resources */ = {isa = PBXBuildFile; fileRef = 20DF213F1C5543C500C0B393 /* NotoSans-Italic.ttf */; };
		20DF21441C5543C500C0B393 /* NotoSans-Regular.ttf in Resources */ = {isa = PBXBuildFile; fileRef = 20DF21401C5543C500C0B393 /* NotoSans-Regular.ttf */; };
		20DF21461C5545DD00C0B393 /* MaterialView.swift in Sources */ = {isa = PBXBuildFile; fileRef = 20DF21451C5545DD00C0B393 /* MaterialView.swift */; };
		20DF21491C55465600C0B393 /* Constants.swift in Sources */ = {isa = PBXBuildFile; fileRef = 20DF21481C55465600C0B393 /* Constants.swift */; };
		20DF214B1C554C0700C0B393 /* MaterialButton.swift in Sources */ = {isa = PBXBuildFile; fileRef = 20DF214A1C554C0700C0B393 /* MaterialButton.swift */; };
		20DF214D1C554F5500C0B393 /* MaterialTextField.swift in Sources */ = {isa = PBXBuildFile; fileRef = 20DF214C1C554F5500C0B393 /* MaterialTextField.swift */; };
		8BE16A8C4C2196230BB1446D /* Pods_ios_app_showcase.framework in Frameworks */ = {isa = PBXBuildFile; fileRef = F0A87D19C1BCD07CA511BA69 /* Pods_ios_app_showcase.framework */; };
/* End PBXBuildFile section */

/* Begin PBXFileReference section */
		201A27851C588CAD00C99134 /* FirstRunVC.swift */ = {isa = PBXFileReference; fileEncoding = 4; lastKnownFileType = sourcecode.swift; path = FirstRunVC.swift; sourceTree = "<group>"; };
		201A27871C59C89A00C99134 /* RemoteImage.swift */ = {isa = PBXFileReference; fileEncoding = 4; lastKnownFileType = sourcecode.swift; path = RemoteImage.swift; sourceTree = "<group>"; };
		202362151C55A7A5000A7928 /* DataService.swift */ = {isa = PBXFileReference; fileEncoding = 4; lastKnownFileType = sourcecode.swift; path = DataService.swift; sourceTree = "<group>"; };
		202362171C55D360000A7928 /* FeedVC.swift */ = {isa = PBXFileReference; fileEncoding = 4; lastKnownFileType = sourcecode.swift; path = FeedVC.swift; sourceTree = "<group>"; };
		202362191C55D445000A7928 /* PostCell.swift */ = {isa = PBXFileReference; fileEncoding = 4; lastKnownFileType = sourcecode.swift; path = PostCell.swift; sourceTree = "<group>"; };
		2023621B1C55F4E2000A7928 /* Post.swift */ = {isa = PBXFileReference; fileEncoding = 4; lastKnownFileType = sourcecode.swift; path = Post.swift; sourceTree = "<group>"; };
		20DF21241C55437F00C0B393 /* ios-app-showcase.app */ = {isa = PBXFileReference; explicitFileType = wrapper.application; includeInIndex = 0; path = "ios-app-showcase.app"; sourceTree = BUILT_PRODUCTS_DIR; };
		20DF21271C55437F00C0B393 /* AppDelegate.swift */ = {isa = PBXFileReference; lastKnownFileType = sourcecode.swift; path = AppDelegate.swift; sourceTree = "<group>"; };
		20DF21291C55437F00C0B393 /* ViewController.swift */ = {isa = PBXFileReference; lastKnownFileType = sourcecode.swift; path = ViewController.swift; sourceTree = "<group>"; };
		20DF212C1C55437F00C0B393 /* Base */ = {isa = PBXFileReference; lastKnownFileType = file.storyboard; name = Base; path = Base.lproj/Main.storyboard; sourceTree = "<group>"; };
		20DF212E1C55437F00C0B393 /* Assets.xcassets */ = {isa = PBXFileReference; lastKnownFileType = folder.assetcatalog; path = Assets.xcassets; sourceTree = "<group>"; };
		20DF21311C55437F00C0B393 /* Base */ = {isa = PBXFileReference; lastKnownFileType = file.storyboard; name = Base; path = Base.lproj/LaunchScreen.storyboard; sourceTree = "<group>"; };
		20DF21331C55437F00C0B393 /* Info.plist */ = {isa = PBXFileReference; lastKnownFileType = text.plist.xml; path = Info.plist; sourceTree = "<group>"; };
		20DF213D1C5543C500C0B393 /* NotoSans-Bold.ttf */ = {isa = PBXFileReference; lastKnownFileType = file; path = "NotoSans-Bold.ttf"; sourceTree = "<group>"; };
		20DF213E1C5543C500C0B393 /* NotoSans-BoldItalic.ttf */ = {isa = PBXFileReference; lastKnownFileType = file; path = "NotoSans-BoldItalic.ttf"; sourceTree = "<group>"; };
		20DF213F1C5543C500C0B393 /* NotoSans-Italic.ttf */ = {isa = PBXFileReference; lastKnownFileType = file; path = "NotoSans-Italic.ttf"; sourceTree = "<group>"; };
		20DF21401C5543C500C0B393 /* NotoSans-Regular.ttf */ = {isa = PBXFileReference; lastKnownFileType = file; path = "NotoSans-Regular.ttf"; sourceTree = "<group>"; };
		20DF21451C5545DD00C0B393 /* MaterialView.swift */ = {isa = PBXFileReference; fileEncoding = 4; lastKnownFileType = sourcecode.swift; path = MaterialView.swift; sourceTree = "<group>"; };
		20DF21481C55465600C0B393 /* Constants.swift */ = {isa = PBXFileReference; fileEncoding = 4; lastKnownFileType = sourcecode.swift; path = Constants.swift; sourceTree = "<group>"; };
		20DF214A1C554C0700C0B393 /* MaterialButton.swift */ = {isa = PBXFileReference; fileEncoding = 4; lastKnownFileType = sourcecode.swift; path = MaterialButton.swift; sourceTree = "<group>"; };
		20DF214C1C554F5500C0B393 /* MaterialTextField.swift */ = {isa = PBXFileReference; fileEncoding = 4; lastKnownFileType = sourcecode.swift; path = MaterialTextField.swift; sourceTree = "<group>"; };
		25DF2DBAA16E2B8A3BC0F4F2 /* Pods-ios-app-showcase.debug.xcconfig */ = {isa = PBXFileReference; includeInIndex = 1; lastKnownFileType = text.xcconfig; name = "Pods-ios-app-showcase.debug.xcconfig"; path = "Pods/Target Support Files/Pods-ios-app-showcase/Pods-ios-app-showcase.debug.xcconfig"; sourceTree = "<group>"; };
		60A17CB1D22630DB156F18E0 /* Pods-ios-app-showcase.release.xcconfig */ = {isa = PBXFileReference; includeInIndex = 1; lastKnownFileType = text.xcconfig; name = "Pods-ios-app-showcase.release.xcconfig"; path = "Pods/Target Support Files/Pods-ios-app-showcase/Pods-ios-app-showcase.release.xcconfig"; sourceTree = "<group>"; };
		F0A87D19C1BCD07CA511BA69 /* Pods_ios_app_showcase.framework */ = {isa = PBXFileReference; explicitFileType = wrapper.framework; includeInIndex = 0; path = Pods_ios_app_showcase.framework; sourceTree = BUILT_PRODUCTS_DIR; };
/* End PBXFileReference section */

/* Begin PBXFrameworksBuildPhase section */
		20DF21211C55437F00C0B393 /* Frameworks */ = {
			isa = PBXFrameworksBuildPhase;
			buildActionMask = 2147483647;
			files = (
				8BE16A8C4C2196230BB1446D /* Pods_ios_app_showcase.framework in Frameworks */,
			);
			runOnlyForDeploymentPostprocessing = 0;
		};
/* End PBXFrameworksBuildPhase section */

/* Begin PBXGroup section */
		202362141C55A79C000A7928 /* Services */ = {
			isa = PBXGroup;
			children = (
				202362151C55A7A5000A7928 /* DataService.swift */,
			);
			name = Services;
			sourceTree = "<group>";
		};
		20DF211B1C55437E00C0B393 = {
			isa = PBXGroup;
			children = (
				20DF21261C55437F00C0B393 /* ios-app-showcase */,
				20DF21251C55437F00C0B393 /* Products */,
				8DBD8D56C352AD91FE87F4CA /* Pods */,
				5675F3A5D7837709690C758D /* Frameworks */,
			);
			sourceTree = "<group>";
		};
		20DF21251C55437F00C0B393 /* Products */ = {
			isa = PBXGroup;
			children = (
				20DF21241C55437F00C0B393 /* ios-app-showcase.app */,
			);
			name = Products;
			sourceTree = "<group>";
		};
		20DF21261C55437F00C0B393 /* ios-app-showcase */ = {
			isa = PBXGroup;
			children = (
				202362141C55A79C000A7928 /* Services */,
				20DF21471C55464D00C0B393 /* Util */,
				20DF213C1C55439A00C0B393 /* Resources */,
				20DF213B1C55439700C0B393 /* Model */,
				20DF213A1C55439400C0B393 /* View */,
				20DF21391C55439000C0B393 /* Controller */,
				20DF21271C55437F00C0B393 /* AppDelegate.swift */,
				20DF212B1C55437F00C0B393 /* Main.storyboard */,
				20DF21301C55437F00C0B393 /* LaunchScreen.storyboard */,
				20DF21331C55437F00C0B393 /* Info.plist */,
			);
			path = "ios-app-showcase";
			sourceTree = "<group>";
		};
		20DF21391C55439000C0B393 /* Controller */ = {
			isa = PBXGroup;
			children = (
				20DF21291C55437F00C0B393 /* ViewController.swift */,
				202362171C55D360000A7928 /* FeedVC.swift */,
				201A27851C588CAD00C99134 /* FirstRunVC.swift */,
			);
			name = Controller;
			sourceTree = "<group>";
		};
		20DF213A1C55439400C0B393 /* View */ = {
			isa = PBXGroup;
			children = (
				20DF21451C5545DD00C0B393 /* MaterialView.swift */,
				20DF214A1C554C0700C0B393 /* MaterialButton.swift */,
				20DF214C1C554F5500C0B393 /* MaterialTextField.swift */,
				202362191C55D445000A7928 /* PostCell.swift */,
				201A27871C59C89A00C99134 /* RemoteImage.swift */,
			);
			name = View;
			sourceTree = "<group>";
		};
		20DF213B1C55439700C0B393 /* Model */ = {
			isa = PBXGroup;
			children = (
				2023621B1C55F4E2000A7928 /* Post.swift */,
			);
			name = Model;
			sourceTree = "<group>";
		};
		20DF213C1C55439A00C0B393 /* Resources */ = {
			isa = PBXGroup;
			children = (
				20DF212E1C55437F00C0B393 /* Assets.xcassets */,
				20DF213D1C5543C500C0B393 /* NotoSans-Bold.ttf */,
				20DF213E1C5543C500C0B393 /* NotoSans-BoldItalic.ttf */,
				20DF213F1C5543C500C0B393 /* NotoSans-Italic.ttf */,
				20DF21401C5543C500C0B393 /* NotoSans-Regular.ttf */,
			);
			name = Resources;
			sourceTree = "<group>";
		};
		20DF21471C55464D00C0B393 /* Util */ = {
			isa = PBXGroup;
			children = (
				20DF21481C55465600C0B393 /* Constants.swift */,
			);
			name = Util;
			sourceTree = "<group>";
		};
		5675F3A5D7837709690C758D /* Frameworks */ = {
			isa = PBXGroup;
			children = (
				F0A87D19C1BCD07CA511BA69 /* Pods_ios_app_showcase.framework */,
			);
			name = Frameworks;
			sourceTree = "<group>";
		};
		8DBD8D56C352AD91FE87F4CA /* Pods */ = {
			isa = PBXGroup;
			children = (
				25DF2DBAA16E2B8A3BC0F4F2 /* Pods-ios-app-showcase.debug.xcconfig */,
				60A17CB1D22630DB156F18E0 /* Pods-ios-app-showcase.release.xcconfig */,
			);
			name = Pods;
			sourceTree = "<group>";
		};
/* End PBXGroup section */

/* Begin PBXNativeTarget section */
		20DF21231C55437F00C0B393 /* ios-app-showcase */ = {
			isa = PBXNativeTarget;
			buildConfigurationList = 20DF21361C55437F00C0B393 /* Build configuration list for PBXNativeTarget "ios-app-showcase" */;
			buildPhases = (
				77C3183E50E6ADAB739512B0 /* Check Pods Manifest.lock */,
				20DF21201C55437F00C0B393 /* Sources */,
				20DF21211C55437F00C0B393 /* Frameworks */,
				20DF21221C55437F00C0B393 /* Resources */,
				8ED3B5092E38D03CF069FBD3 /* Embed Pods Frameworks */,
				A003FE19764475CDD4A8624A /* Copy Pods Resources */,
			);
			buildRules = (
			);
			dependencies = (
			);
			name = "ios-app-showcase";
			productName = "ios-app-showcase";
			productReference = 20DF21241C55437F00C0B393 /* ios-app-showcase.app */;
			productType = "com.apple.product-type.application";
		};
/* End PBXNativeTarget section */

/* Begin PBXProject section */
		20DF211C1C55437E00C0B393 /* Project object */ = {
			isa = PBXProject;
			attributes = {
				LastSwiftUpdateCheck = 0720;
				LastUpgradeCheck = 0720;
				ORGANIZATIONNAME = "Ilya Shaisultanov";
				TargetAttributes = {
					20DF21231C55437F00C0B393 = {
						CreatedOnToolsVersion = 7.2;
						DevelopmentTeam = 5F6QZASLQP;
					};
				};
			};
			buildConfigurationList = 20DF211F1C55437E00C0B393 /* Build configuration list for PBXProject "ios-app-showcase" */;
			compatibilityVersion = "Xcode 3.2";
			developmentRegion = English;
			hasScannedForEncodings = 0;
			knownRegions = (
				en,
				Base,
			);
			mainGroup = 20DF211B1C55437E00C0B393;
			productRefGroup = 20DF21251C55437F00C0B393 /* Products */;
			projectDirPath = "";
			projectRoot = "";
			targets = (
				20DF21231C55437F00C0B393 /* ios-app-showcase */,
			);
		};
/* End PBXProject section */

/* Begin PBXResourcesBuildPhase section */
		20DF21221C55437F00C0B393 /* Resources */ = {
			isa = PBXResourcesBuildPhase;
			buildActionMask = 2147483647;
			files = (
				20DF21411C5543C500C0B393 /* NotoSans-Bold.ttf in Resources */,
				20DF21321C55437F00C0B393 /* LaunchScreen.storyboard in Resources */,
				20DF21421C5543C500C0B393 /* NotoSans-BoldItalic.ttf in Resources */,
				20DF21431C5543C500C0B393 /* NotoSans-Italic.ttf in Resources */,
				20DF212F1C55437F00C0B393 /* Assets.xcassets in Resources */,
				20DF212D1C55437F00C0B393 /* Main.storyboard in Resources */,
				20DF21441C5543C500C0B393 /* NotoSans-Regular.ttf in Resources */,
			);
			runOnlyForDeploymentPostprocessing = 0;
		};
/* End PBXResourcesBuildPhase section */

/* Begin PBXShellScriptBuildPhase section */
		77C3183E50E6ADAB739512B0 /* Check Pods Manifest.lock */ = {
			isa = PBXShellScriptBuildPhase;
			buildActionMask = 2147483647;
			files = (
			);
			inputPaths = (
			);
			name = "Check Pods Manifest.lock";
			outputPaths = (
			);
			runOnlyForDeploymentPostprocessing = 0;
			shellPath = /bin/sh;
			shellScript = "diff \"${PODS_ROOT}/../Podfile.lock\" \"${PODS_ROOT}/Manifest.lock\" > /dev/null\nif [[ $? != 0 ]] ; then\n    cat << EOM\nerror: The sandbox is not in sync with the Podfile.lock. Run 'pod install' or update your CocoaPods installation.\nEOM\n    exit 1\nfi\n";
			showEnvVarsInLog = 0;
		};
		8ED3B5092E38D03CF069FBD3 /* Embed Pods Frameworks */ = {
			isa = PBXShellScriptBuildPhase;
			buildActionMask = 2147483647;
			files = (
			);
			inputPaths = (
			);
			name = "Embed Pods Frameworks";
			outputPaths = (
			);
			runOnlyForDeploymentPostprocessing = 0;
			shellPath = /bin/sh;
			shellScript = "\"${SRCROOT}/Pods/Target Support Files/Pods-ios-app-showcase/Pods-ios-app-showcase-frameworks.sh\"\n";
			showEnvVarsInLog = 0;
		};
		A003FE19764475CDD4A8624A /* Copy Pods Resources */ = {
			isa = PBXShellScriptBuildPhase;
			buildActionMask = 2147483647;
			files = (
			);
			inputPaths = (
			);
			name = "Copy Pods Resources";
			outputPaths = (
			);
			runOnlyForDeploymentPostprocessing = 0;
			shellPath = /bin/sh;
			shellScript = "\"${SRCROOT}/Pods/Target Support Files/Pods-ios-app-showcase/Pods-ios-app-showcase-resources.sh\"\n";
			showEnvVarsInLog = 0;
		};
/* End PBXShellScriptBuildPhase section */

/* Begin PBXSourcesBuildPhase section */
		20DF21201C55437F00C0B393 /* Sources */ = {
			isa = PBXSourcesBuildPhase;
			buildActionMask = 2147483647;
			files = (
				20DF214D1C554F5500C0B393 /* MaterialTextField.swift in Sources */,
				201A27861C588CAD00C99134 /* FirstRunVC.swift in Sources */,
				202362161C55A7A5000A7928 /* DataService.swift in Sources */,
				201A27881C59C89A00C99134 /* RemoteImage.swift in Sources */,
				20DF21461C5545DD00C0B393 /* MaterialView.swift in Sources */,
				20DF212A1C55437F00C0B393 /* ViewController.swift in Sources */,
				202362181C55D360000A7928 /* FeedVC.swift in Sources */,
				2023621A1C55D445000A7928 /* PostCell.swift in Sources */,
				20DF21281C55437F00C0B393 /* AppDelegate.swift in Sources */,
				20DF21491C55465600C0B393 /* Constants.swift in Sources */,
				20DF214B1C554C0700C0B393 /* MaterialButton.swift in Sources */,
				2023621C1C55F4E2000A7928 /* Post.swift in Sources */,
			);
			runOnlyForDeploymentPostprocessing = 0;
		};
/* End PBXSourcesBuildPhase section */

/* Begin PBXVariantGroup section */
		20DF212B1C55437F00C0B393 /* Main.storyboard */ = {
			isa = PBXVariantGroup;
			children = (
				20DF212C1C55437F00C0B393 /* Base */,
			);
			name = Main.storyboard;
			sourceTree = "<group>";
		};
		20DF21301C55437F00C0B393 /* LaunchScreen.storyboard */ = {
			isa = PBXVariantGroup;
			children = (
				20DF21311C55437F00C0B393 /* Base */,
			);
			name = LaunchScreen.storyboard;
			sourceTree = "<group>";
		};
/* End PBXVariantGroup section */

/* Begin XCBuildConfiguration section */
		20DF21341C55437F00C0B393 /* Debug */ = {
			isa = XCBuildConfiguration;
			buildSettings = {
				ALWAYS_SEARCH_USER_PATHS = NO;
				CLANG_CXX_LANGUAGE_STANDARD = "gnu++0x";
				CLANG_CXX_LIBRARY = "libc++";
				CLANG_ENABLE_MODULES = YES;
				CLANG_ENABLE_OBJC_ARC = YES;
				CLANG_WARN_BOOL_CONVERSION = YES;
				CLANG_WARN_CONSTANT_CONVERSION = YES;
				CLANG_WARN_DIRECT_OBJC_ISA_USAGE = YES_ERROR;
				CLANG_WARN_EMPTY_BODY = YES;
				CLANG_WARN_ENUM_CONVERSION = YES;
				CLANG_WARN_INT_CONVERSION = YES;
				CLANG_WARN_OBJC_ROOT_CLASS = YES_ERROR;
				CLANG_WARN_UNREACHABLE_CODE = YES;
				CLANG_WARN__DUPLICATE_METHOD_MATCH = YES;
				"CODE_SIGN_IDENTITY[sdk=iphoneos*]" = "iPhone Developer";
				COPY_PHASE_STRIP = NO;
				DEBUG_INFORMATION_FORMAT = dwarf;
				ENABLE_STRICT_OBJC_MSGSEND = YES;
				ENABLE_TESTABILITY = YES;
				GCC_C_LANGUAGE_STANDARD = gnu99;
				GCC_DYNAMIC_NO_PIC = NO;
				GCC_NO_COMMON_BLOCKS = YES;
				GCC_OPTIMIZATION_LEVEL = 0;
				GCC_PREPROCESSOR_DEFINITIONS = (
					"DEBUG=1",
					"$(inherited)",
				);
				GCC_WARN_64_TO_32_BIT_CONVERSION = YES;
				GCC_WARN_ABOUT_RETURN_TYPE = YES_ERROR;
				GCC_WARN_UNDECLARED_SELECTOR = YES;
				GCC_WARN_UNINITIALIZED_AUTOS = YES_AGGRESSIVE;
				GCC_WARN_UNUSED_FUNCTION = YES;
				GCC_WARN_UNUSED_VARIABLE = YES;
				IPHONEOS_DEPLOYMENT_TARGET = 9.2;
				MTL_ENABLE_DEBUG_INFO = YES;
				ONLY_ACTIVE_ARCH = YES;
				SDKROOT = iphoneos;
				SWIFT_OPTIMIZATION_LEVEL = "-Onone";
				TARGETED_DEVICE_FAMILY = "1,2";
			};
			name = Debug;
		};
		20DF21351C55437F00C0B393 /* Release */ = {
			isa = XCBuildConfiguration;
			buildSettings = {
				ALWAYS_SEARCH_USER_PATHS = NO;
				CLANG_CXX_LANGUAGE_STANDARD = "gnu++0x";
				CLANG_CXX_LIBRARY = "libc++";
				CLANG_ENABLE_MODULES = YES;
				CLANG_ENABLE_OBJC_ARC = YES;
				CLANG_WARN_BOOL_CONVERSION = YES;
				CLANG_WARN_CONSTANT_CONVERSION = YES;
				CLANG_WARN_DIRECT_OBJC_ISA_USAGE = YES_ERROR;
				CLANG_WARN_EMPTY_BODY = YES;
				CLANG_WARN_ENUM_CONVERSION = YES;
				CLANG_WARN_INT_CONVERSION = YES;
				CLANG_WARN_OBJC_ROOT_CLASS = YES_ERROR;
				CLANG_WARN_UNREACHABLE_CODE = YES;
				CLANG_WARN__DUPLICATE_METHOD_MATCH = YES;
				"CODE_SIGN_IDENTITY[sdk=iphoneos*]" = "iPhone Developer";
				COPY_PHASE_STRIP = NO;
				DEBUG_INFORMATION_FORMAT = "dwarf-with-dsym";
				ENABLE_NS_ASSERTIONS = NO;
				ENABLE_STRICT_OBJC_MSGSEND = YES;
				GCC_C_LANGUAGE_STANDARD = gnu99;
				GCC_NO_COMMON_BLOCKS = YES;
				GCC_WARN_64_TO_32_BIT_CONVERSION = YES;
				GCC_WARN_ABOUT_RETURN_TYPE = YES_ERROR;
				GCC_WARN_UNDECLARED_SELECTOR = YES;
				GCC_WARN_UNINITIALIZED_AUTOS = YES_AGGRESSIVE;
				GCC_WARN_UNUSED_FUNCTION = YES;
				GCC_WARN_UNUSED_VARIABLE = YES;
				IPHONEOS_DEPLOYMENT_TARGET = 9.2;
				MTL_ENABLE_DEBUG_INFO = NO;
				SDKROOT = iphoneos;
				TARGETED_DEVICE_FAMILY = "1,2";
				VALIDATE_PRODUCT = YES;
			};
			name = Release;
		};
		20DF21371C55437F00C0B393 /* Debug */ = {
			isa = XCBuildConfiguration;
			baseConfigurationReference = 25DF2DBAA16E2B8A3BC0F4F2 /* Pods-ios-app-showcase.debug.xcconfig */;
			buildSettings = {
				ASSETCATALOG_COMPILER_APPICON_NAME = AppIcon;
				ENABLE_BITCODE = YES;
				INFOPLIST_FILE = "ios-app-showcase/Info.plist";
				LD_RUNPATH_SEARCH_PATHS = "$(inherited) @executable_path/Frameworks";
				PRODUCT_BUNDLE_IDENTIFIER = "com.diversario.ios-app-showcase";
				PRODUCT_NAME = "$(TARGET_NAME)";
			};
			name = Debug;
		};
		20DF21381C55437F00C0B393 /* Release */ = {
			isa = XCBuildConfiguration;
			baseConfigurationReference = 60A17CB1D22630DB156F18E0 /* Pods-ios-app-showcase.release.xcconfig */;
			buildSettings = {
				ASSETCATALOG_COMPILER_APPICON_NAME = AppIcon;
				ENABLE_BITCODE = YES;
				INFOPLIST_FILE = "ios-app-showcase/Info.plist";
				LD_RUNPATH_SEARCH_PATHS = "$(inherited) @executable_path/Frameworks";
				PRODUCT_BUNDLE_IDENTIFIER = "com.diversario.ios-app-showcase";
				PRODUCT_NAME = "$(TARGET_NAME)";
			};
			name = Release;
		};
/* End XCBuildConfiguration section */

/* Begin XCConfigurationList section */
		20DF211F1C55437E00C0B393 /* Build configuration list for PBXProject "ios-app-showcase" */ = {
			isa = XCConfigurationList;
			buildConfigurations = (
				20DF21341C55437F00C0B393 /* Debug */,
				20DF21351C55437F00C0B393 /* Release */,
			);
			defaultConfigurationIsVisible = 0;
			defaultConfigurationName = Release;
		};
		20DF21361C55437F00C0B393 /* Build configuration list for PBXNativeTarget "ios-app-showcase" */ = {
			isa = XCConfigurationList;
			buildConfigurations = (
				20DF21371C55437F00C0B393 /* Debug */,
				20DF21381C55437F00C0B393 /* Release */,
			);
			defaultConfigurationIsVisible = 0;
			defaultConfigurationName = Release;
		};
/* End XCConfigurationList section */
	};
	rootObject = 20DF211C1C55437E00C0B393 /* Project object */;
}
